{
  "name": "cfn-nested-examples",
  "version": "1.0.0",
  "lockfileVersion": 1,
  "requires": true,
  "dependencies": {
    "cfn-nested": {
      "version": "0.0.2",
      "resolved": "https://registry.npmjs.org/cfn-nested/-/cfn-nested-0.0.2.tgz",
      "integrity": "sha512-2+U3MIUvL8hjsASf/TnIHYT8V04yZ1WB1AzNAF59KcLv24VV0/NS3BN+VGNCeZjuIrRIN7UhSm3MDtX2oHWn2Q==",
      "dev": true
    },
    "esm": {
      "version": "3.2.10",
      "resolved": "https://registry.npmjs.org/esm/-/esm-3.2.10.tgz",
      "integrity": "sha512-r6v4kFfezz5/Qo6Q5ThaNPPUi7a2E3J4ZWxFuohhxJRAa6X7hg6Ca7GRPaixsi5ALcokhif/04Ys4zAxab4Edw==",
      "dev": true
    }
  }
}
