{
  "name": "cfn-nested-examples",
  "version": "1.0.0",
  "lockfileVersion": 1,
  "requires": true,
  "dependencies": {
    "cfn-nested": {
      "version": "1.0.1",
      "resolved": "https://registry.npmjs.org/cfn-nested/-/cfn-nested-1.0.1.tgz",
      "integrity": "sha512-1tU/Ko4fvIYSS/Aw6wrCbzrS9oFbPoNjSJAeUgOnUYGmY5dc5D0IJOWJt4dY2yGMEbLJh8ta3v3f1MY74nEVQw=="
    },
    "esm": {
      "version": "3.2.10",
      "resolved": "https://registry.npmjs.org/esm/-/esm-3.2.10.tgz",
      "integrity": "sha512-r6v4kFfezz5/Qo6Q5ThaNPPUi7a2E3J4ZWxFuohhxJRAa6X7hg6Ca7GRPaixsi5ALcokhif/04Ys4zAxab4Edw==",
      "dev": true
    }
  }
}
